{
  "name": "github-roblox-ts-automated-testing",
  "version": "1.0.0",
  "lockfileVersion": 1,
  "requires": true,
  "dependencies": {
    "@rbxts/compiler-types": {
      "version": "1.0.0-beta.15.0",
      "resolved": "https://registry.npmjs.org/@rbxts/compiler-types/-/compiler-types-1.0.0-beta.15.0.tgz",
      "integrity": "sha512-Tutr3dkD2bUOCeMIxHXHPYda0blPTZJ1KDRSj0TJ942QKSjxP4Pf09G/ZzySpX094uWLNndgGO9W9UmtmrvP6g==",
      "dev": true
    },
    "@rbxts/testez": {
      "version": "0.3.1-ts.6",
      "resolved": "https://registry.npmjs.org/@rbxts/testez/-/testez-0.3.1-ts.6.tgz",
      "integrity": "sha512-WiiRmYF1bvq4rgiXpzAgvgajZ+Iq49b+d0ki+WrqflUMuDTpUfBduqEWg1bS5t1KAZ22OHfH2pjeqwXwlaif8w=="
    },
    "@rbxts/types": {
      "version": "1.0.448",
      "resolved": "https://registry.npmjs.org/@rbxts/types/-/types-1.0.448.tgz",
      "integrity": "sha512-YguRujlM33UeyqEZyILT4/0MjBF/3NhnvW+Dwf0b59zgemTyAd6r60RhQHTb5YYkTe6XX/lw24AkFxinx4WRGA==",
      "dev": true
    }
  }
}
